
Microsoft Visual Studio Solution File, Format Version 12.00
# Visual Studio Version 17
VisualStudioVersion = 17.4.33122.133
MinimumVisualStudioVersion = 10.0.40219.1
Project("{9A19103F-16F7-4668-BE54-9A1E7A4F7556}") = "KampIntroCamp", "KampIntroCamp\KampIntroCamp.csproj", "{BF3821F3-B179-4722-AF1B-DFFCC2665000}"
EndProject
Project("{9A19103F-16F7-4668-BE54-9A1E7A4F7556}") = "Donguler", "Donguler\Donguler.csproj", "{62F33A3D-A784-4D85-9B87-45A597350E34}"
EndProject
Project("{9A19103F-16F7-4668-BE54-9A1E7A4F7556}") = "ClassIntro", "ClassIntro\ClassIntro.csproj", "{ED2BC068-8E42-4032-AB94-C25EA3C6FD56}"
EndProject
Project("{9A19103F-16F7-4668-BE54-9A1E7A4F7556}") = "Methods", "Methods\Methods.csproj", "{2CA88420-D773-4CF6-A872-0A995AF0ACC1}"
EndProject
Project("{9A19103F-16F7-4668-BE54-9A1E7A4F7556}") = "OOP1", "OOP1\OOP1.csproj", "{B3826B5B-176A-4D4A-BEC5-0FCF967D93B4}"
EndProject
Project("{9A19103F-16F7-4668-BE54-9A1E7A4F7556}") = "Collections", "Collections\Collections.csproj", "{D8FD819A-49D4-4498-8078-FDE3098F105B}"
EndProject
Project("{FAE04EC0-301F-11D3-BF4B-00C04F79EFBC}") = "GenericsIntroo", "GenericsIntroo\GenericsIntroo.csproj", "{971242FB-5465-4C41-8436-7B2722D1F054}"
EndProject
Global
	GlobalSection(SolutionConfigurationPlatforms) = preSolution
		Debug|Any CPU = Debug|Any CPU
		Release|Any CPU = Release|Any CPU
	EndGlobalSection
	GlobalSection(ProjectConfigurationPlatforms) = postSolution
		{BF3821F3-B179-4722-AF1B-DFFCC2665000}.Debug|Any CPU.ActiveCfg = Debug|Any CPU
		{BF3821F3-B179-4722-AF1B-DFFCC2665000}.Debug|Any CPU.Build.0 = Debug|Any CPU
		{BF3821F3-B179-4722-AF1B-DFFCC2665000}.Release|Any CPU.ActiveCfg = Release|Any CPU
		{BF3821F3-B179-4722-AF1B-DFFCC2665000}.Release|Any CPU.Build.0 = Release|Any CPU
		{62F33A3D-A784-4D85-9B87-45A597350E34}.Debug|Any CPU.ActiveCfg = Debug|Any CPU
		{62F33A3D-A784-4D85-9B87-45A597350E34}.Debug|Any CPU.Build.0 = Debug|Any CPU
		{62F33A3D-A784-4D85-9B87-45A597350E34}.Release|Any CPU.ActiveCfg = Release|Any CPU
		{62F33A3D-A784-4D85-9B87-45A597350E34}.Release|Any CPU.Build.0 = Release|Any CPU
		{ED2BC068-8E42-4032-AB94-C25EA3C6FD56}.Debug|Any CPU.ActiveCfg = Debug|Any CPU
		{ED2BC068-8E42-4032-AB94-C25EA3C6FD56}.Debug|Any CPU.Build.0 = Debug|Any CPU
		{ED2BC068-8E42-4032-AB94-C25EA3C6FD56}.Release|Any CPU.ActiveCfg = Release|Any CPU
		{ED2BC068-8E42-4032-AB94-C25EA3C6FD56}.Release|Any CPU.Build.0 = Release|Any CPU
		{2CA88420-D773-4CF6-A872-0A995AF0ACC1}.Debug|Any CPU.ActiveCfg = Debug|Any CPU
		{2CA88420-D773-4CF6-A872-0A995AF0ACC1}.Debug|Any CPU.Build.0 = Debug|Any CPU
		{2CA88420-D773-4CF6-A872-0A995AF0ACC1}.Release|Any CPU.ActiveCfg = Release|Any CPU
		{2CA88420-D773-4CF6-A872-0A995AF0ACC1}.Release|Any CPU.Build.0 = Release|Any CPU
		{B3826B5B-176A-4D4A-BEC5-0FCF967D93B4}.Debug|Any CPU.ActiveCfg = Debug|Any CPU
		{B3826B5B-176A-4D4A-BEC5-0FCF967D93B4}.Debug|Any CPU.Build.0 = Debug|Any CPU
		{B3826B5B-176A-4D4A-BEC5-0FCF967D93B4}.Release|Any CPU.ActiveCfg = Release|Any CPU
		{B3826B5B-176A-4D4A-BEC5-0FCF967D93B4}.Release|Any CPU.Build.0 = Release|Any CPU
		{D8FD819A-49D4-4498-8078-FDE3098F105B}.Debug|Any CPU.ActiveCfg = Debug|Any CPU
		{D8FD819A-49D4-4498-8078-FDE3098F105B}.Debug|Any CPU.Build.0 = Debug|Any CPU
		{D8FD819A-49D4-4498-8078-FDE3098F105B}.Release|Any CPU.ActiveCfg = Release|Any CPU
		{D8FD819A-49D4-4498-8078-FDE3098F105B}.Release|Any CPU.Build.0 = Release|Any CPU
		{971242FB-5465-4C41-8436-7B2722D1F054}.Debug|Any CPU.ActiveCfg = Debug|Any CPU
		{971242FB-5465-4C41-8436-7B2722D1F054}.Debug|Any CPU.Build.0 = Debug|Any CPU
		{971242FB-5465-4C41-8436-7B2722D1F054}.Release|Any CPU.ActiveCfg = Release|Any CPU
		{971242FB-5465-4C41-8436-7B2722D1F054}.Release|Any CPU.Build.0 = Release|Any CPU
	EndGlobalSection
	GlobalSection(SolutionProperties) = preSolution
		HideSolutionNode = FALSE
	EndGlobalSection
	GlobalSection(ExtensibilityGlobals) = postSolution
		SolutionGuid = {F6E9E3C1-2D59-4A46-93C3-498D98841E2C}
	EndGlobalSection
EndGlobal
